// !$*UTF8*$!
{
	archiveVersion = 1;
	classes = {
	};
	objectVersion = 77;
	objects = {

/* Begin PBXBuildFile section */
		822D422C2CAFFA8500094980 /* TitleCollectionViewCell.swift in Sources */ = {isa = PBXBuildFile; fileRef = 822D422B2CAFFA8500094980 /* TitleCollectionViewCell.swift */; };
		822D422F2CAFFD4700094980 /* SDWebImage in Frameworks */ = {isa = PBXBuildFile; productRef = 822D422E2CAFFD4700094980 /* SDWebImage */; };
		822D42312CAFFD4700094980 /* SDWebImageMapKit in Frameworks */ = {isa = PBXBuildFile; productRef = 822D42302CAFFD4700094980 /* SDWebImageMapKit */; };
		822D42332CB00B6C00094980 /* TitleTableViewCell.swift in Sources */ = {isa = PBXBuildFile; fileRef = 822D42322CB00B6C00094980 /* TitleTableViewCell.swift */; };
		822D42352CB00F9600094980 /* TitleViewModel.swift in Sources */ = {isa = PBXBuildFile; fileRef = 822D42342CB00F9600094980 /* TitleViewModel.swift */; };
		822D42372CB01BFE00094980 /* SearchResultsViewController.swift in Sources */ = {isa = PBXBuildFile; fileRef = 822D42362CB01BFE00094980 /* SearchResultsViewController.swift */; };
		829BB85F2CB41B1E00E1E061 /* YoutubeSearchResponse.swift in Sources */ = {isa = PBXBuildFile; fileRef = 829BB85E2CB41B1E00E1E061 /* YoutubeSearchResponse.swift */; };
		829BB8612CB41EA500E1E061 /* TitlePreviewViewController.swift in Sources */ = {isa = PBXBuildFile; fileRef = 829BB8602CB41EA500E1E061 /* TitlePreviewViewController.swift */; };
		829BB8632CB422FB00E1E061 /* TitlePreviewViewModel.swift in Sources */ = {isa = PBXBuildFile; fileRef = 829BB8622CB422FB00E1E061 /* TitlePreviewViewModel.swift */; };
		829BDF832CAD6D8600B83B2F /* AppDelegate.swift in Sources */ = {isa = PBXBuildFile; fileRef = 829BDF7B2CAD6D8600B83B2F /* AppDelegate.swift */; };
		829BDF842CAD6D8600B83B2F /* MainTabBarViewController.swift in Sources */ = {isa = PBXBuildFile; fileRef = 829BDF802CAD6D8600B83B2F /* MainTabBarViewController.swift */; };
		829BDF852CAD6D8600B83B2F /* SceneDelegate.swift in Sources */ = {isa = PBXBuildFile; fileRef = 829BDF812CAD6D8600B83B2F /* SceneDelegate.swift */; };
		829BDF862CAD6D8600B83B2F /* Assets.xcassets in Resources */ = {isa = PBXBuildFile; fileRef = 829BDF7C2CAD6D8600B83B2F /* Assets.xcassets */; };
		829BDF882CAD6D8600B83B2F /* LaunchScreen.storyboard in Resources */ = {isa = PBXBuildFile; fileRef = 829BDF7F2CAD6D8600B83B2F /* LaunchScreen.storyboard */; };
		829BDF8B2CAD6DB600B83B2F /* HomeViewController.swift in Sources */ = {isa = PBXBuildFile; fileRef = 829BDF8A2CAD6DB600B83B2F /* HomeViewController.swift */; };
		829BDF8D2CAD6E0900B83B2F /* UpcomingViewController.swift in Sources */ = {isa = PBXBuildFile; fileRef = 829BDF8C2CAD6E0900B83B2F /* UpcomingViewController.swift */; };
		829BDF8F2CAD6E3B00B83B2F /* SearchViewController.swift in Sources */ = {isa = PBXBuildFile; fileRef = 829BDF8E2CAD6E3B00B83B2F /* SearchViewController.swift */; };
		829BDF912CAD6E6700B83B2F /* DownloadsViewController.swift in Sources */ = {isa = PBXBuildFile; fileRef = 829BDF902CAD6E6700B83B2F /* DownloadsViewController.swift */; };
		829BDF982CAD752200B83B2F /* CollectionViewTableViewCell.swift in Sources */ = {isa = PBXBuildFile; fileRef = 829BDF972CAD752200B83B2F /* CollectionViewTableViewCell.swift */; };
		829BDF9A2CAD7B3000B83B2F /* HeroHeaderUIView.swift in Sources */ = {isa = PBXBuildFile; fileRef = 829BDF992CAD7B3000B83B2F /* HeroHeaderUIView.swift */; };
		829BDF9E2CAEACBE00B83B2F /* APICaller.swift in Sources */ = {isa = PBXBuildFile; fileRef = 829BDF9D2CAEACBE00B83B2F /* APICaller.swift */; };
		829BDFA02CAEBFB300B83B2F /* Title.swift in Sources */ = {isa = PBXBuildFile; fileRef = 829BDF9F2CAEBFB300B83B2F /* Title.swift */; };
		829BDFA22CAEC2FC00B83B2F /* Extensions.swift in Sources */ = {isa = PBXBuildFile; fileRef = 829BDFA12CAEC2FC00B83B2F /* Extensions.swift */; };
		82FD03A42CB5553C00DBBA5C /* NetflixCloneModel.xcdatamodeld in Sources */ = {isa = PBXBuildFile; fileRef = 82FD03A22CB5553C00DBBA5C /* NetflixCloneModel.xcdatamodeld */; };
		82FD03A62CB5581700DBBA5C /* DataPersistenceManager.swift in Sources */ = {isa = PBXBuildFile; fileRef = 82FD03A52CB5581700DBBA5C /* DataPersistenceManager.swift */; };
/* End PBXBuildFile section */

/* Begin PBXFileReference section */
		822D422B2CAFFA8500094980 /* TitleCollectionViewCell.swift */ = {isa = PBXFileReference; lastKnownFileType = sourcecode.swift; path = TitleCollectionViewCell.swift; sourceTree = "<group>"; };
		822D42322CB00B6C00094980 /* TitleTableViewCell.swift */ = {isa = PBXFileReference; lastKnownFileType = sourcecode.swift; path = TitleTableViewCell.swift; sourceTree = "<group>"; };
		822D42342CB00F9600094980 /* TitleViewModel.swift */ = {isa = PBXFileReference; lastKnownFileType = sourcecode.swift; path = TitleViewModel.swift; sourceTree = "<group>"; };
		822D42362CB01BFE00094980 /* SearchResultsViewController.swift */ = {isa = PBXFileReference; lastKnownFileType = sourcecode.swift; path = SearchResultsViewController.swift; sourceTree = "<group>"; };
		829BB85E2CB41B1E00E1E061 /* YoutubeSearchResponse.swift */ = {isa = PBXFileReference; lastKnownFileType = sourcecode.swift; path = YoutubeSearchResponse.swift; sourceTree = "<group>"; };
		829BB8602CB41EA500E1E061 /* TitlePreviewViewController.swift */ = {isa = PBXFileReference; lastKnownFileType = sourcecode.swift; path = TitlePreviewViewController.swift; sourceTree = "<group>"; };
		829BB8622CB422FB00E1E061 /* TitlePreviewViewModel.swift */ = {isa = PBXFileReference; lastKnownFileType = sourcecode.swift; path = TitlePreviewViewModel.swift; sourceTree = "<group>"; };
		829BDF622CAD69AF00B83B2F /* Netflix.app */ = {isa = PBXFileReference; explicitFileType = wrapper.application; includeInIndex = 0; path = Netflix.app; sourceTree = BUILT_PRODUCTS_DIR; };
		829BDF7B2CAD6D8600B83B2F /* AppDelegate.swift */ = {isa = PBXFileReference; lastKnownFileType = sourcecode.swift; path = AppDelegate.swift; sourceTree = "<group>"; };
		829BDF7C2CAD6D8600B83B2F /* Assets.xcassets */ = {isa = PBXFileReference; lastKnownFileType = folder.assetcatalog; path = Assets.xcassets; sourceTree = "<group>"; };
		829BDF7D2CAD6D8600B83B2F /* Info.plist */ = {isa = PBXFileReference; lastKnownFileType = text.plist.xml; path = Info.plist; sourceTree = "<group>"; };
		829BDF7E2CAD6D8600B83B2F /* Base */ = {isa = PBXFileReference; lastKnownFileType = file.storyboard; name = Base; path = Base.lproj/LaunchScreen.storyboard; sourceTree = "<group>"; };
		829BDF802CAD6D8600B83B2F /* MainTabBarViewController.swift */ = {isa = PBXFileReference; lastKnownFileType = sourcecode.swift; path = MainTabBarViewController.swift; sourceTree = "<group>"; };
		829BDF812CAD6D8600B83B2F /* SceneDelegate.swift */ = {isa = PBXFileReference; lastKnownFileType = sourcecode.swift; path = SceneDelegate.swift; sourceTree = "<group>"; };
		829BDF8A2CAD6DB600B83B2F /* HomeViewController.swift */ = {isa = PBXFileReference; lastKnownFileType = sourcecode.swift; path = HomeViewController.swift; sourceTree = "<group>"; };
		829BDF8C2CAD6E0900B83B2F /* UpcomingViewController.swift */ = {isa = PBXFileReference; lastKnownFileType = sourcecode.swift; path = UpcomingViewController.swift; sourceTree = "<group>"; };
		829BDF8E2CAD6E3B00B83B2F /* SearchViewController.swift */ = {isa = PBXFileReference; lastKnownFileType = sourcecode.swift; path = SearchViewController.swift; sourceTree = "<group>"; };
		829BDF902CAD6E6700B83B2F /* DownloadsViewController.swift */ = {isa = PBXFileReference; lastKnownFileType = sourcecode.swift; path = DownloadsViewController.swift; sourceTree = "<group>"; };
		829BDF972CAD752200B83B2F /* CollectionViewTableViewCell.swift */ = {isa = PBXFileReference; lastKnownFileType = sourcecode.swift; path = CollectionViewTableViewCell.swift; sourceTree = "<group>"; };
		829BDF992CAD7B3000B83B2F /* HeroHeaderUIView.swift */ = {isa = PBXFileReference; lastKnownFileType = sourcecode.swift; path = HeroHeaderUIView.swift; sourceTree = "<group>"; };
		829BDF9D2CAEACBE00B83B2F /* APICaller.swift */ = {isa = PBXFileReference; lastKnownFileType = sourcecode.swift; path = APICaller.swift; sourceTree = "<group>"; };
		829BDF9F2CAEBFB300B83B2F /* Title.swift */ = {isa = PBXFileReference; lastKnownFileType = sourcecode.swift; path = Title.swift; sourceTree = "<group>"; };
		829BDFA12CAEC2FC00B83B2F /* Extensions.swift */ = {isa = PBXFileReference; lastKnownFileType = sourcecode.swift; path = Extensions.swift; sourceTree = "<group>"; };
		82FD03A32CB5553C00DBBA5C /* NetflixCloneModel.xcdatamodel */ = {isa = PBXFileReference; lastKnownFileType = wrapper.xcdatamodel; path = NetflixCloneModel.xcdatamodel; sourceTree = "<group>"; };
		82FD03A52CB5581700DBBA5C /* DataPersistenceManager.swift */ = {isa = PBXFileReference; lastKnownFileType = sourcecode.swift; path = DataPersistenceManager.swift; sourceTree = "<group>"; };
/* End PBXFileReference section */

/* Begin PBXFrameworksBuildPhase section */
		829BDF5F2CAD69AF00B83B2F /* Frameworks */ = {
			isa = PBXFrameworksBuildPhase;
			buildActionMask = 2147483647;
			files = (
				822D42312CAFFD4700094980 /* SDWebImageMapKit in Frameworks */,
				822D422F2CAFFD4700094980 /* SDWebImage in Frameworks */,
			);
			runOnlyForDeploymentPostprocessing = 0;
		};
/* End PBXFrameworksBuildPhase section */

/* Begin PBXGroup section */
		822D42382CB01C3A00094980 /* Core */ = {
			isa = PBXGroup;
			children = (
				829BDF8A2CAD6DB600B83B2F /* HomeViewController.swift */,
				829BDF8C2CAD6E0900B83B2F /* UpcomingViewController.swift */,
				829BDF8E2CAD6E3B00B83B2F /* SearchViewController.swift */,
				829BDF902CAD6E6700B83B2F /* DownloadsViewController.swift */,
				829BDF802CAD6D8600B83B2F /* MainTabBarViewController.swift */,
			);
			path = Core;
			sourceTree = "<group>";
		};
		822D42392CB01C5700094980 /* General */ = {
			isa = PBXGroup;
			children = (
				822D42362CB01BFE00094980 /* SearchResultsViewController.swift */,
				829BB8602CB41EA500E1E061 /* TitlePreviewViewController.swift */,
			);
			path = General;
			sourceTree = "<group>";
		};
		829BDF592CAD69AF00B83B2F = {
			isa = PBXGroup;
			children = (
				829BDF822CAD6D8600B83B2F /* Netflix */,
				829BDF632CAD69AF00B83B2F /* Products */,
			);
			sourceTree = "<group>";
		};
		829BDF632CAD69AF00B83B2F /* Products */ = {
			isa = PBXGroup;
			children = (
				829BDF622CAD69AF00B83B2F /* Netflix.app */,
			);
			name = Products;
			sourceTree = "<group>";
		};
		829BDF822CAD6D8600B83B2F /* Netflix */ = {
			isa = PBXGroup;
			children = (
				829BDF962CAD749800B83B2F /* Managers */,
				829BDF952CAD748300B83B2F /* Resources */,
				829BDF942CAD744800B83B2F /* Models */,
				829BDF922CAD743500B83B2F /* Views */,
				829BDF932CAD744000B83B2F /* ViewModels */,
				829BDF892CAD6D9600B83B2F /* Controllers */,
				829BDF7B2CAD6D8600B83B2F /* AppDelegate.swift */,
				829BDF812CAD6D8600B83B2F /* SceneDelegate.swift */,
				829BDF7C2CAD6D8600B83B2F /* Assets.xcassets */,
				829BDF7F2CAD6D8600B83B2F /* LaunchScreen.storyboard */,
				829BDF7D2CAD6D8600B83B2F /* Info.plist */,
				82FD03A22CB5553C00DBBA5C /* NetflixCloneModel.xcdatamodeld */,
			);
			path = Netflix;
			sourceTree = "<group>";
		};
		829BDF892CAD6D9600B83B2F /* Controllers */ = {
			isa = PBXGroup;
			children = (
				822D42382CB01C3A00094980 /* Core */,
				822D42392CB01C5700094980 /* General */,
			);
			path = Controllers;
			sourceTree = "<group>";
		};
		829BDF922CAD743500B83B2F /* Views */ = {
			isa = PBXGroup;
			children = (
				829BDF972CAD752200B83B2F /* CollectionViewTableViewCell.swift */,
				829BDF992CAD7B3000B83B2F /* HeroHeaderUIView.swift */,
				822D422B2CAFFA8500094980 /* TitleCollectionViewCell.swift */,
				822D42322CB00B6C00094980 /* TitleTableViewCell.swift */,
			);
			path = Views;
			sourceTree = "<group>";
		};
		829BDF932CAD744000B83B2F /* ViewModels */ = {
			isa = PBXGroup;
			children = (
				822D42342CB00F9600094980 /* TitleViewModel.swift */,
				829BB8622CB422FB00E1E061 /* TitlePreviewViewModel.swift */,
			);
			path = ViewModels;
			sourceTree = "<group>";
		};
		829BDF942CAD744800B83B2F /* Models */ = {
			isa = PBXGroup;
			children = (
				829BDF9F2CAEBFB300B83B2F /* Title.swift */,
				829BB85E2CB41B1E00E1E061 /* YoutubeSearchResponse.swift */,
			);
			path = Models;
			sourceTree = "<group>";
		};
		829BDF952CAD748300B83B2F /* Resources */ = {
			isa = PBXGroup;
			children = (
				829BDFA12CAEC2FC00B83B2F /* Extensions.swift */,
			);
			path = Resources;
			sourceTree = "<group>";
		};
		829BDF962CAD749800B83B2F /* Managers */ = {
			isa = PBXGroup;
			children = (
				829BDF9D2CAEACBE00B83B2F /* APICaller.swift */,
				82FD03A52CB5581700DBBA5C /* DataPersistenceManager.swift */,
			);
			path = Managers;
			sourceTree = "<group>";
		};
/* End PBXGroup section */

/* Begin PBXNativeTarget section */
		829BDF612CAD69AF00B83B2F /* Netflix */ = {
			isa = PBXNativeTarget;
			buildConfigurationList = 829BDF752CAD69B100B83B2F /* Build configuration list for PBXNativeTarget "Netflix" */;
			buildPhases = (
				829BDF5E2CAD69AF00B83B2F /* Sources */,
				829BDF5F2CAD69AF00B83B2F /* Frameworks */,
				829BDF602CAD69AF00B83B2F /* Resources */,
			);
			buildRules = (
			);
			dependencies = (
			);
			name = Netflix;
			packageProductDependencies = (
				822D422E2CAFFD4700094980 /* SDWebImage */,
				822D42302CAFFD4700094980 /* SDWebImageMapKit */,
			);
			productName = Netflix;
			productReference = 829BDF622CAD69AF00B83B2F /* Netflix.app */;
			productType = "com.apple.product-type.application";
		};
/* End PBXNativeTarget section */

/* Begin PBXProject section */
		829BDF5A2CAD69AF00B83B2F /* Project object */ = {
			isa = PBXProject;
			attributes = {
				BuildIndependentTargetsInParallel = 1;
				LastSwiftUpdateCheck = 1600;
				LastUpgradeCheck = 1600;
				TargetAttributes = {
					829BDF612CAD69AF00B83B2F = {
						CreatedOnToolsVersion = 16.0;
					};
				};
			};
			buildConfigurationList = 829BDF5D2CAD69AF00B83B2F /* Build configuration list for PBXProject "Netflix" */;
			developmentRegion = en;
			hasScannedForEncodings = 0;
			knownRegions = (
				en,
				Base,
			);
			mainGroup = 829BDF592CAD69AF00B83B2F;
			minimizedProjectReferenceProxies = 1;
			packageReferences = (
				822D422D2CAFFD4700094980 /* XCRemoteSwiftPackageReference "SDWebImage" */,
			);
			preferredProjectObjectVersion = 77;
			productRefGroup = 829BDF632CAD69AF00B83B2F /* Products */;
			projectDirPath = "";
			projectRoot = "";
			targets = (
				829BDF612CAD69AF00B83B2F /* Netflix */,
			);
		};
/* End PBXProject section */

/* Begin PBXResourcesBuildPhase section */
		829BDF602CAD69AF00B83B2F /* Resources */ = {
			isa = PBXResourcesBuildPhase;
			buildActionMask = 2147483647;
			files = (
				829BDF862CAD6D8600B83B2F /* Assets.xcassets in Resources */,
				829BDF882CAD6D8600B83B2F /* LaunchScreen.storyboard in Resources */,
			);
			runOnlyForDeploymentPostprocessing = 0;
		};
/* End PBXResourcesBuildPhase section */

/* Begin PBXSourcesBuildPhase section */
		829BDF5E2CAD69AF00B83B2F /* Sources */ = {
			isa = PBXSourcesBuildPhase;
			buildActionMask = 2147483647;
			files = (
				822D42332CB00B6C00094980 /* TitleTableViewCell.swift in Sources */,
				829BDF8F2CAD6E3B00B83B2F /* SearchViewController.swift in Sources */,
				822D422C2CAFFA8500094980 /* TitleCollectionViewCell.swift in Sources */,
				82FD03A62CB5581700DBBA5C /* DataPersistenceManager.swift in Sources */,
				829BDF832CAD6D8600B83B2F /* AppDelegate.swift in Sources */,
				829BDF982CAD752200B83B2F /* CollectionViewTableViewCell.swift in Sources */,
				829BDF9E2CAEACBE00B83B2F /* APICaller.swift in Sources */,
				82FD03A42CB5553C00DBBA5C /* NetflixCloneModel.xcdatamodeld in Sources */,
				829BDF9A2CAD7B3000B83B2F /* HeroHeaderUIView.swift in Sources */,
				829BDF912CAD6E6700B83B2F /* DownloadsViewController.swift in Sources */,
				829BDF842CAD6D8600B83B2F /* MainTabBarViewController.swift in Sources */,
				822D42372CB01BFE00094980 /* SearchResultsViewController.swift in Sources */,
				829BDFA22CAEC2FC00B83B2F /* Extensions.swift in Sources */,
				829BB85F2CB41B1E00E1E061 /* YoutubeSearchResponse.swift in Sources */,
				829BDF852CAD6D8600B83B2F /* SceneDelegate.swift in Sources */,
				829BB8632CB422FB00E1E061 /* TitlePreviewViewModel.swift in Sources */,
				829BDF8D2CAD6E0900B83B2F /* UpcomingViewController.swift in Sources */,
				829BB8612CB41EA500E1E061 /* TitlePreviewViewController.swift in Sources */,
				829BDFA02CAEBFB300B83B2F /* Title.swift in Sources */,
				829BDF8B2CAD6DB600B83B2F /* HomeViewController.swift in Sources */,
				822D42352CB00F9600094980 /* TitleViewModel.swift in Sources */,
			);
			runOnlyForDeploymentPostprocessing = 0;
		};
/* End PBXSourcesBuildPhase section */

/* Begin PBXVariantGroup section */
		829BDF7F2CAD6D8600B83B2F /* LaunchScreen.storyboard */ = {
			isa = PBXVariantGroup;
			children = (
				829BDF7E2CAD6D8600B83B2F /* Base */,
			);
			name = LaunchScreen.storyboard;
			sourceTree = "<group>";
		};
/* End PBXVariantGroup section */

/* Begin XCBuildConfiguration section */
		829BDF762CAD69B100B83B2F /* Debug */ = {
			isa = XCBuildConfiguration;
			buildSettings = {
				ASSETCATALOG_COMPILER_APPICON_NAME = AppIcon;
				ASSETCATALOG_COMPILER_GLOBAL_ACCENT_COLOR_NAME = AccentColor;
				CODE_SIGN_STYLE = Automatic;
				CURRENT_PROJECT_VERSION = 1;
				DEVELOPMENT_TEAM = D27FHR29X4;
				GENERATE_INFOPLIST_FILE = YES;
				INFOPLIST_FILE = Netflix/Info.plist;
				INFOPLIST_KEY_UIApplicationSupportsIndirectInputEvents = YES;
				INFOPLIST_KEY_UILaunchStoryboardName = LaunchScreen;
				INFOPLIST_KEY_UIMainStoryboardFile = "";
				INFOPLIST_KEY_UISupportedInterfaceOrientations_iPad = "UIInterfaceOrientationPortrait UIInterfaceOrientationPortraitUpsideDown UIInterfaceOrientationLandscapeLeft UIInterfaceOrientationLandscapeRight";
				INFOPLIST_KEY_UISupportedInterfaceOrientations_iPhone = "UIInterfaceOrientationPortrait UIInterfaceOrientationLandscapeLeft UIInterfaceOrientationLandscapeRight";
				IPHONEOS_DEPLOYMENT_TARGET = 15.6;
				LD_RUNPATH_SEARCH_PATHS = (
					"$(inherited)",
					"@executable_path/Frameworks",
				);
				MARKETING_VERSION = 1.0;
				PRODUCT_BUNDLE_IDENTIFIER = Azer.Netflix;
				PRODUCT_NAME = "$(TARGET_NAME)";
				SWIFT_EMIT_LOC_STRINGS = YES;
				SWIFT_VERSION = 5.0;
				TARGETED_DEVICE_FAMILY = "1,2";
			};
			name = Debug;
		};
		829BDF772CAD69B100B83B2F /* Release */ = {
			isa = XCBuildConfiguration;
			buildSettings = {
				ASSETCATALOG_COMPILER_APPICON_NAME = AppIcon;
				ASSETCATALOG_COMPILER_GLOBAL_ACCENT_COLOR_NAME = AccentColor;
				CODE_SIGN_STYLE = Automatic;
				CURRENT_PROJECT_VERSION = 1;
				DEVELOPMENT_TEAM = D27FHR29X4;
				GENERATE_INFOPLIST_FILE = YES;
				INFOPLIST_FILE = Netflix/Info.plist;
				INFOPLIST_KEY_UIApplicationSupportsIndirectInputEvents = YES;
				INFOPLIST_KEY_UILaunchStoryboardName = LaunchScreen;
				INFOPLIST_KEY_UIMainStoryboardFile = "";
				INFOPLIST_KEY_UISupportedInterfaceOrientations_iPad = "UIInterfaceOrientationPortrait UIInterfaceOrientationPortraitUpsideDown UIInterfaceOrientationLandscapeLeft UIInterfaceOrientationLandscapeRight";
				INFOPLIST_KEY_UISupportedInterfaceOrientations_iPhone = "UIInterfaceOrientationPortrait UIInterfaceOrientationLandscapeLeft UIInterfaceOrientationLandscapeRight";
				IPHONEOS_DEPLOYMENT_TARGET = 15.6;
				LD_RUNPATH_SEARCH_PATHS = (
					"$(inherited)",
					"@executable_path/Frameworks",
				);
				MARKETING_VERSION = 1.0;
				PRODUCT_BUNDLE_IDENTIFIER = Azer.Netflix;
				PRODUCT_NAME = "$(TARGET_NAME)";
				SWIFT_EMIT_LOC_STRINGS = YES;
				SWIFT_VERSION = 5.0;
				TARGETED_DEVICE_FAMILY = "1,2";
			};
			name = Release;
		};
		829BDF782CAD69B100B83B2F /* Debug */ = {
			isa = XCBuildConfiguration;
			buildSettings = {
				ALWAYS_SEARCH_USER_PATHS = NO;
				ASSETCATALOG_COMPILER_GENERATE_SWIFT_ASSET_SYMBOL_EXTENSIONS = YES;
				CLANG_ANALYZER_NONNULL = YES;
				CLANG_ANALYZER_NUMBER_OBJECT_CONVERSION = YES_AGGRESSIVE;
				CLANG_CXX_LANGUAGE_STANDARD = "gnu++20";
				CLANG_ENABLE_MODULES = YES;
				CLANG_ENABLE_OBJC_ARC = YES;
				CLANG_ENABLE_OBJC_WEAK = YES;
				CLANG_WARN_BLOCK_CAPTURE_AUTORELEASING = YES;
				CLANG_WARN_BOOL_CONVERSION = YES;
				CLANG_WARN_COMMA = YES;
				CLANG_WARN_CONSTANT_CONVERSION = YES;
				CLANG_WARN_DEPRECATED_OBJC_IMPLEMENTATIONS = YES;
				CLANG_WARN_DIRECT_OBJC_ISA_USAGE = YES_ERROR;
				CLANG_WARN_DOCUMENTATION_COMMENTS = YES;
				CLANG_WARN_EMPTY_BODY = YES;
				CLANG_WARN_ENUM_CONVERSION = YES;
				CLANG_WARN_INFINITE_RECURSION = YES;
				CLANG_WARN_INT_CONVERSION = YES;
				CLANG_WARN_NON_LITERAL_NULL_CONVERSION = YES;
				CLANG_WARN_OBJC_IMPLICIT_RETAIN_SELF = YES;
				CLANG_WARN_OBJC_LITERAL_CONVERSION = YES;
				CLANG_WARN_OBJC_ROOT_CLASS = YES_ERROR;
				CLANG_WARN_QUOTED_INCLUDE_IN_FRAMEWORK_HEADER = YES;
				CLANG_WARN_RANGE_LOOP_ANALYSIS = YES;
				CLANG_WARN_STRICT_PROTOTYPES = YES;
				CLANG_WARN_SUSPICIOUS_MOVE = YES;
				CLANG_WARN_UNGUARDED_AVAILABILITY = YES_AGGRESSIVE;
				CLANG_WARN_UNREACHABLE_CODE = YES;
				CLANG_WARN__DUPLICATE_METHOD_MATCH = YES;
				COPY_PHASE_STRIP = NO;
				DEBUG_INFORMATION_FORMAT = dwarf;
				ENABLE_STRICT_OBJC_MSGSEND = YES;
				ENABLE_TESTABILITY = YES;
				ENABLE_USER_SCRIPT_SANDBOXING = YES;
				GCC_C_LANGUAGE_STANDARD = gnu17;
				GCC_DYNAMIC_NO_PIC = NO;
				GCC_NO_COMMON_BLOCKS = YES;
				GCC_OPTIMIZATION_LEVEL = 0;
				GCC_PREPROCESSOR_DEFINITIONS = (
					"DEBUG=1",
					"$(inherited)",
				);
				GCC_WARN_64_TO_32_BIT_CONVERSION = YES;
				GCC_WARN_ABOUT_RETURN_TYPE = YES_ERROR;
				GCC_WARN_UNDECLARED_SELECTOR = YES;
				GCC_WARN_UNINITIALIZED_AUTOS = YES_AGGRESSIVE;
				GCC_WARN_UNUSED_FUNCTION = YES;
				GCC_WARN_UNUSED_VARIABLE = YES;
				IPHONEOS_DEPLOYMENT_TARGET = 18.0;
				LOCALIZATION_PREFERS_STRING_CATALOGS = YES;
				MTL_ENABLE_DEBUG_INFO = INCLUDE_SOURCE;
				MTL_FAST_MATH = YES;
				ONLY_ACTIVE_ARCH = YES;
				SDKROOT = iphoneos;
				SWIFT_ACTIVE_COMPILATION_CONDITIONS = "DEBUG $(inherited)";
				SWIFT_OPTIMIZATION_LEVEL = "-Onone";
			};
			name = Debug;
		};
		829BDF792CAD69B100B83B2F /* Release */ = {
			isa = XCBuildConfiguration;
			buildSettings = {
				ALWAYS_SEARCH_USER_PATHS = NO;
				ASSETCATALOG_COMPILER_GENERATE_SWIFT_ASSET_SYMBOL_EXTENSIONS = YES;
				CLANG_ANALYZER_NONNULL = YES;
				CLANG_ANALYZER_NUMBER_OBJECT_CONVERSION = YES_AGGRESSIVE;
				CLANG_CXX_LANGUAGE_STANDARD = "gnu++20";
				CLANG_ENABLE_MODULES = YES;
				CLANG_ENABLE_OBJC_ARC = YES;
				CLANG_ENABLE_OBJC_WEAK = YES;
				CLANG_WARN_BLOCK_CAPTURE_AUTORELEASING = YES;
				CLANG_WARN_BOOL_CONVERSION = YES;
				CLANG_WARN_COMMA = YES;
				CLANG_WARN_CONSTANT_CONVERSION = YES;
				CLANG_WARN_DEPRECATED_OBJC_IMPLEMENTATIONS = YES;
				CLANG_WARN_DIRECT_OBJC_ISA_USAGE = YES_ERROR;
				CLANG_WARN_DOCUMENTATION_COMMENTS = YES;
				CLANG_WARN_EMPTY_BODY = YES;
				CLANG_WARN_ENUM_CONVERSION = YES;
				CLANG_WARN_INFINITE_RECURSION = YES;
				CLANG_WARN_INT_CONVERSION = YES;
				CLANG_WARN_NON_LITERAL_NULL_CONVERSION = YES;
				CLANG_WARN_OBJC_IMPLICIT_RETAIN_SELF = YES;
				CLANG_WARN_OBJC_LITERAL_CONVERSION = YES;
				CLANG_WARN_OBJC_ROOT_CLASS = YES_ERROR;
				CLANG_WARN_QUOTED_INCLUDE_IN_FRAMEWORK_HEADER = YES;
				CLANG_WARN_RANGE_LOOP_ANALYSIS = YES;
				CLANG_WARN_STRICT_PROTOTYPES = YES;
				CLANG_WARN_SUSPICIOUS_MOVE = YES;
				CLANG_WARN_UNGUARDED_AVAILABILITY = YES_AGGRESSIVE;
				CLANG_WARN_UNREACHABLE_CODE = YES;
				CLANG_WARN__DUPLICATE_METHOD_MATCH = YES;
				COPY_PHASE_STRIP = NO;
				DEBUG_INFORMATION_FORMAT = "dwarf-with-dsym";
				ENABLE_NS_ASSERTIONS = NO;
				ENABLE_STRICT_OBJC_MSGSEND = YES;
				ENABLE_USER_SCRIPT_SANDBOXING = YES;
				GCC_C_LANGUAGE_STANDARD = gnu17;
				GCC_NO_COMMON_BLOCKS = YES;
				GCC_WARN_64_TO_32_BIT_CONVERSION = YES;
				GCC_WARN_ABOUT_RETURN_TYPE = YES_ERROR;
				GCC_WARN_UNDECLARED_SELECTOR = YES;
				GCC_WARN_UNINITIALIZED_AUTOS = YES_AGGRESSIVE;
				GCC_WARN_UNUSED_FUNCTION = YES;
				GCC_WARN_UNUSED_VARIABLE = YES;
				IPHONEOS_DEPLOYMENT_TARGET = 18.0;
				LOCALIZATION_PREFERS_STRING_CATALOGS = YES;
				MTL_ENABLE_DEBUG_INFO = NO;
				MTL_FAST_MATH = YES;
				SDKROOT = iphoneos;
				SWIFT_COMPILATION_MODE = wholemodule;
				VALIDATE_PRODUCT = YES;
			};
			name = Release;
		};
/* End XCBuildConfiguration section */

/* Begin XCConfigurationList section */
		829BDF5D2CAD69AF00B83B2F /* Build configuration list for PBXProject "Netflix" */ = {
			isa = XCConfigurationList;
			buildConfigurations = (
				829BDF782CAD69B100B83B2F /* Debug */,
				829BDF792CAD69B100B83B2F /* Release */,
			);
			defaultConfigurationIsVisible = 0;
			defaultConfigurationName = Release;
		};
		829BDF752CAD69B100B83B2F /* Build configuration list for PBXNativeTarget "Netflix" */ = {
			isa = XCConfigurationList;
			buildConfigurations = (
				829BDF762CAD69B100B83B2F /* Debug */,
				829BDF772CAD69B100B83B2F /* Release */,
			);
			defaultConfigurationIsVisible = 0;
			defaultConfigurationName = Release;
		};
/* End XCConfigurationList section */

/* Begin XCRemoteSwiftPackageReference section */
		822D422D2CAFFD4700094980 /* XCRemoteSwiftPackageReference "SDWebImage" */ = {
			isa = XCRemoteSwiftPackageReference;
			repositoryURL = "https://github.com/SDWebImage/SDWebImage.git";
			requirement = {
				kind = upToNextMajorVersion;
				minimumVersion = 5.19.7;
			};
		};
/* End XCRemoteSwiftPackageReference section */

/* Begin XCSwiftPackageProductDependency section */
		822D422E2CAFFD4700094980 /* SDWebImage */ = {
			isa = XCSwiftPackageProductDependency;
			package = 822D422D2CAFFD4700094980 /* XCRemoteSwiftPackageReference "SDWebImage" */;
			productName = SDWebImage;
		};
		822D42302CAFFD4700094980 /* SDWebImageMapKit */ = {
			isa = XCSwiftPackageProductDependency;
			package = 822D422D2CAFFD4700094980 /* XCRemoteSwiftPackageReference "SDWebImage" */;
			productName = SDWebImageMapKit;
		};
/* End XCSwiftPackageProductDependency section */

/* Begin XCVersionGroup section */
		82FD03A22CB5553C00DBBA5C /* NetflixCloneModel.xcdatamodeld */ = {
			isa = XCVersionGroup;
			children = (
				82FD03A32CB5553C00DBBA5C /* NetflixCloneModel.xcdatamodel */,
			);
			currentVersion = 82FD03A32CB5553C00DBBA5C /* NetflixCloneModel.xcdatamodel */;
			path = NetflixCloneModel.xcdatamodeld;
			sourceTree = "<group>";
			versionGroupType = wrapper.xcdatamodel;
		};
/* End XCVersionGroup section */
	};
	rootObject = 829BDF5A2CAD69AF00B83B2F /* Project object */;
}
